
Microsoft Visual Studio Solution File, Format Version 11.00
# Visual Studio 2010
Project("{FAE04EC0-301F-11D3-BF4B-00C04F79EFBC}") = "Assembly-CSharp", "Assembly-CSharp.csproj", "{eb04905e-234a-52a7-7da9-7fb82366d985}"
EndProject
Project("{FAE04EC0-301F-11D3-BF4B-00C04F79EFBC}") = "Assembly-CSharp-firstpass", "Assembly-CSharp-firstpass.csproj", "{b4625065-8549-2cf1-d10d-f1647076ff97}"
EndProject
Project("{FAE04EC0-301F-11D3-BF4B-00C04F79EFBC}") = "Assembly-CSharp-Editor-firstpass", "Assembly-CSharp-Editor-firstpass.csproj", "{68950058-a9a1-afc1-8a3b-cf4bf4e06e51}"
EndProject
Global
	GlobalSection(SolutionConfigurationPlatforms) = preSolution
		Debug|Any CPU = Debug|Any CPU
	EndGlobalSection
	GlobalSection(ProjectConfigurationPlatforms) = postSolution
		{eb04905e-234a-52a7-7da9-7fb82366d985}.Debug|Any CPU.ActiveCfg = Debug|Any CPU
		{eb04905e-234a-52a7-7da9-7fb82366d985}.Debug|Any CPU.Build.0 = Debug|Any CPU
		{b4625065-8549-2cf1-d10d-f1647076ff97}.Debug|Any CPU.ActiveCfg = Debug|Any CPU
		{b4625065-8549-2cf1-d10d-f1647076ff97}.Debug|Any CPU.Build.0 = Debug|Any CPU
		{68950058-a9a1-afc1-8a3b-cf4bf4e06e51}.Debug|Any CPU.ActiveCfg = Debug|Any CPU
		{68950058-a9a1-afc1-8a3b-cf4bf4e06e51}.Debug|Any CPU.Build.0 = Debug|Any CPU
	EndGlobalSection
	GlobalSection(SolutionProperties) = preSolution
		HideSolutionNode = FALSE
	EndGlobalSection
EndGlobal
